{
  "name": "trinity-types",
  "version": "0.0.1",
  "lockfileVersion": 3,
  "requires": true,
  "packages": {
    "": {
      "name": "trinity-types",
      "version": "0.0.1",
      "license": "ISC",
      "devDependencies": {
        "rimraf": "^5.0.0"
      }
    },
    "node_modules/balanced-match": {
      "version": "1.0.2",
      "resolved": "https://registry.npmjs.org/balanced-match/-/balanced-match-1.0.2.tgz",
      "integrity": "sha512-3oSeUO0TMV67hN1AmbXsK4yaqU7tjiHlbxRDZOpH0KW9+CeX4bRAaX0Anxt0tx2MrpRpWwQaPwIlISEJhYU5Pw==",
      "dev": true
    },
    "node_modules/brace-expansion": {
      "version": "2.0.1",
      "resolved": "https://registry.npmjs.org/brace-expansion/-/brace-expansion-2.0.1.tgz",
      "integrity": "sha512-XnAIvQ8eM+kC6aULx6wuQiwVsnzsi9d3WxzV3FpWTGA19F621kwdbsAcFKXgKUHZWsy+mY6iL1sHTxWEFCytDA==",
      "dev": true,
      "dependencies": {
        "balanced-match": "^1.0.0"
      }
    },
    "node_modules/fs.realpath": {
      "version": "1.0.0",
      "resolved": "https://registry.npmjs.org/fs.realpath/-/fs.realpath-1.0.0.tgz",
      "integrity": "sha512-OO0pH2lK6a0hZnAdau5ItzHPI6pUlvI7jMVnxUQRtw4owF2wk8lOSabtGDCTP4Ggrg2MbGnWO9X8K1t4+fGMDw==",
      "dev": true
    },
    "node_modules/glob": {
      "version": "10.0.0",
      "resolved": "https://registry.npmjs.org/glob/-/glob-10.0.0.tgz",
      "integrity": "sha512-zmp9ZDC6NpDNLujV2W2n+3lH+BafIVZ4/ct+Yj3BMZTH/+bgm/eVjHzeFLwxJrrIGgjjS2eiQLlpurHsNlEAtQ==",
      "dev": true,
      "dependencies": {
        "fs.realpath": "^1.0.0",
        "minimatch": "^9.0.0",
        "minipass": "^5.0.0",
        "path-scurry": "^1.6.4"
      },
      "engines": {
        "node": ">=16 || 14 >=14.17"
      },
      "funding": {
        "url": "https://github.com/sponsors/isaacs"
      }
    },
    "node_modules/lru-cache": {
      "version": "9.0.1",
      "resolved": "https://registry.npmjs.org/lru-cache/-/lru-cache-9.0.1.tgz",
      "integrity": "sha512-C8QsKIN1UIXeOs3iWmiZ1lQY+EnKDojWd37fXy1aSbJvH4iSma1uy2OWuoB3m4SYRli5+CUjDv3Dij5DVoetmg==",
      "dev": true,
      "engines": {
        "node": "14 || >=16.14"
      }
    },
    "node_modules/minimatch": {
      "version": "9.0.0",
      "resolved": "https://registry.npmjs.org/minimatch/-/minimatch-9.0.0.tgz",
      "integrity": "sha512-0jJj8AvgKqWN05mrwuqi8QYKx1WmYSUoKSxu5Qhs9prezTz10sxAHGNZe9J9cqIJzta8DWsleh2KaVaLl6Ru2w==",
      "dev": true,
      "dependencies": {
        "brace-expansion": "^2.0.1"
      },
      "engines": {
        "node": ">=16 || 14 >=14.17"
      },
      "funding": {
        "url": "https://github.com/sponsors/isaacs"
      }
    },
    "node_modules/minipass": {
      "version": "5.0.0",
      "resolved": "https://registry.npmjs.org/minipass/-/minipass-5.0.0.tgz",
      "integrity": "sha512-3FnjYuehv9k6ovOEbyOswadCDPX1piCfhV8ncmYtHOjuPwylVWsghTLo7rabjC3Rx5xD4HDx8Wm1xnMF7S5qFQ==",
      "dev": true,
      "engines": {
        "node": ">=8"
      }
    },
    "node_modules/path-scurry": {
      "version": "1.6.4",
      "resolved": "https://registry.npmjs.org/path-scurry/-/path-scurry-1.6.4.tgz",
      "integrity": "sha512-Qp/9IHkdNiXJ3/Kon++At2nVpnhRiPq/aSvQN+H3U1WZbvNRK0RIQK/o4HMqPoXjpuGJUEWpHSs6Mnjxqh3TQg==",
      "dev": true,
      "dependencies": {
        "lru-cache": "^9.0.0",
        "minipass": "^5.0.0"
      },
      "engines": {
        "node": ">=16 || 14 >=14.17"
      },
      "funding": {
        "url": "https://github.com/sponsors/isaacs"
      }
    },
    "node_modules/rimraf": {
      "version": "5.0.0",
      "resolved": "https://registry.npmjs.org/rimraf/-/rimraf-5.0.0.tgz",
      "integrity": "sha512-Jf9llaP+RvaEVS5nPShYFhtXIrb3LRKP281ib3So0KkeZKo2wIKyq0Re7TOSwanasA423PSr6CCIL4bP6T040g==",
      "dev": true,
      "dependencies": {
        "glob": "^10.0.0"
      },
      "bin": {
        "rimraf": "dist/cjs/src/bin.js"
      },
      "engines": {
        "node": ">=14"
      },
      "funding": {
        "url": "https://github.com/sponsors/isaacs"
      }
    }
  }
}
